
Microsoft Visual Studio Solution File, Format Version 12.00
# Visual Studio Version 16
VisualStudioVersion = 16.0.33801.447
MinimumVisualStudioVersion = 10.0.40219.1
Project("{FAE04EC0-301F-11D3-BF4B-00C04F79EFBC}") = "GamingDashboard", "GamingDashboard\GamingDashboard.csproj", "{0718F708-103D-42F4-BBCF-DDCE89523FB6}"
EndProject
Global
	GlobalSection(SolutionConfigurationPlatforms) = preSolution
		Debug|Any CPU = Debug|Any CPU
		Release|Any CPU = Release|Any CPU
	EndGlobalSection
	GlobalSection(ProjectConfigurationPlatforms) = postSolution
		{0718F708-103D-42F4-BBCF-DDCE89523FB6}.Debug|Any CPU.ActiveCfg = Debug|Any CPU
		{0718F708-103D-42F4-BBCF-DDCE89523FB6}.Debug|Any CPU.Build.0 = Debug|Any CPU
		{0718F708-103D-42F4-BBCF-DDCE89523FB6}.Release|Any CPU.ActiveCfg = Release|Any CPU
		{0718F708-103D-42F4-BBCF-DDCE89523FB6}.Release|Any CPU.Build.0 = Release|Any CPU
	EndGlobalSection
	GlobalSection(SolutionProperties) = preSolution
		HideSolutionNode = FALSE
	EndGlobalSection
	GlobalSection(ExtensibilityGlobals) = postSolution
		SolutionGuid = {172D8A3F-B241-4713-8F09-26B8DB4122E9}
	EndGlobalSection
EndGlobal
